PODS:
  - Expecta (0.3.2)
  - NNNotificationController (1.0.2)
  - Specta (0.3.2)

DEPENDENCIES:
  - Expecta
  - NNNotificationController (from `../`)
  - Specta

EXTERNAL SOURCES:
  NNNotificationController:
    :path: ../

SPEC CHECKSUMS:
  Expecta: ee641011fe10aa1855d487b40e4976dac50ec342
  NNNotificationController: 3cae652e4c4c568ab6e47444a5dc261b2847386c
  Specta: 698a58ffa5ec948327d3b92eab50ca58d7f4fbe8

COCOAPODS: 0.35.0
